
Microsoft Visual Studio Solution File, Format Version 12.00
# Visual Studio Version 17
VisualStudioVersion = 17.5.33516.290
MinimumVisualStudioVersion = 10.0.40219.1
Project("{FAE04EC0-301F-11D3-BF4B-00C04F79EFBC}") = "Medconnection", "Medconnection.csproj", "{3788F63F-2AF8-44DB-9E42-28AF67448BE9}"
	ProjectSection(ProjectDependencies) = postProject
		{330DB79E-9E93-40CA-B9E0-921FDDC80FF6} = {330DB79E-9E93-40CA-B9E0-921FDDC80FF6}
		{DAF74254-2994-4B0A-A251-793B9B76F975} = {DAF74254-2994-4B0A-A251-793B9B76F975}
	EndProjectSection
EndProject
Project("{FAE04EC0-301F-11D3-BF4B-00C04F79EFBC}") = "BLL", "..\BLL\BLL.csproj", "{DAF74254-2994-4B0A-A251-793B9B76F975}"
	ProjectSection(ProjectDependencies) = postProject
		{330DB79E-9E93-40CA-B9E0-921FDDC80FF6} = {330DB79E-9E93-40CA-B9E0-921FDDC80FF6}
	EndProjectSection
EndProject
Project("{FAE04EC0-301F-11D3-BF4B-00C04F79EFBC}") = "DAL", "..\DAL\DAL.csproj", "{330DB79E-9E93-40CA-B9E0-921FDDC80FF6}"
EndProject
Global
	GlobalSection(SolutionConfigurationPlatforms) = preSolution
		Debug|Any CPU = Debug|Any CPU
		Release|Any CPU = Release|Any CPU
	EndGlobalSection
	GlobalSection(ProjectConfigurationPlatforms) = postSolution
		{3788F63F-2AF8-44DB-9E42-28AF67448BE9}.Debug|Any CPU.ActiveCfg = Debug|Any CPU
		{3788F63F-2AF8-44DB-9E42-28AF67448BE9}.Debug|Any CPU.Build.0 = Debug|Any CPU
		{3788F63F-2AF8-44DB-9E42-28AF67448BE9}.Release|Any CPU.ActiveCfg = Release|Any CPU
		{3788F63F-2AF8-44DB-9E42-28AF67448BE9}.Release|Any CPU.Build.0 = Release|Any CPU
		{DAF74254-2994-4B0A-A251-793B9B76F975}.Debug|Any CPU.ActiveCfg = Debug|Any CPU
		{DAF74254-2994-4B0A-A251-793B9B76F975}.Debug|Any CPU.Build.0 = Debug|Any CPU
		{DAF74254-2994-4B0A-A251-793B9B76F975}.Release|Any CPU.ActiveCfg = Release|Any CPU
		{DAF74254-2994-4B0A-A251-793B9B76F975}.Release|Any CPU.Build.0 = Release|Any CPU
		{330DB79E-9E93-40CA-B9E0-921FDDC80FF6}.Debug|Any CPU.ActiveCfg = Debug|Any CPU
		{330DB79E-9E93-40CA-B9E0-921FDDC80FF6}.Debug|Any CPU.Build.0 = Debug|Any CPU
		{330DB79E-9E93-40CA-B9E0-921FDDC80FF6}.Release|Any CPU.ActiveCfg = Release|Any CPU
		{330DB79E-9E93-40CA-B9E0-921FDDC80FF6}.Release|Any CPU.Build.0 = Release|Any CPU
	EndGlobalSection
	GlobalSection(SolutionProperties) = preSolution
		HideSolutionNode = FALSE
	EndGlobalSection
	GlobalSection(ExtensibilityGlobals) = postSolution
		SolutionGuid = {67983205-08F3-4AEA-BD36-F40F467A9E2E}
	EndGlobalSection
EndGlobal
